
Microsoft Visual Studio Solution File, Format Version 12.00
# Visual Studio Version 17
VisualStudioVersion = 17.2.32526.322
MinimumVisualStudioVersion = 10.0.40219.1
Project("{FAE04EC0-301F-11D3-BF4B-00C04F79EFBC}") = "MemoEngine", "MemoEngine\MemoEngine.csproj", "{56287E28-999B-420F-B40B-4BC4012F61A0}"
EndProject
Project("{FAE04EC0-301F-11D3-BF4B-00C04F79EFBC}") = "Dul", "Dul\Dul.csproj", "{34D52A08-6DF3-489E-865D-289B47EF37E0}"
EndProject
Project("{FAE04EC0-301F-11D3-BF4B-00C04F79EFBC}") = "DotNetBoard", "DotNetBoard\DotNetBoard.csproj", "{B7FE230E-693B-40F0-9F7D-1A0F2B1B4427}"
EndProject
Global
	GlobalSection(SolutionConfigurationPlatforms) = preSolution
		Debug|Any CPU = Debug|Any CPU
		Release|Any CPU = Release|Any CPU
	EndGlobalSection
	GlobalSection(ProjectConfigurationPlatforms) = postSolution
		{56287E28-999B-420F-B40B-4BC4012F61A0}.Debug|Any CPU.ActiveCfg = Debug|Any CPU
		{56287E28-999B-420F-B40B-4BC4012F61A0}.Debug|Any CPU.Build.0 = Debug|Any CPU
		{56287E28-999B-420F-B40B-4BC4012F61A0}.Release|Any CPU.ActiveCfg = Release|Any CPU
		{56287E28-999B-420F-B40B-4BC4012F61A0}.Release|Any CPU.Build.0 = Release|Any CPU
		{34D52A08-6DF3-489E-865D-289B47EF37E0}.Debug|Any CPU.ActiveCfg = Debug|Any CPU
		{34D52A08-6DF3-489E-865D-289B47EF37E0}.Debug|Any CPU.Build.0 = Debug|Any CPU
		{34D52A08-6DF3-489E-865D-289B47EF37E0}.Release|Any CPU.ActiveCfg = Release|Any CPU
		{34D52A08-6DF3-489E-865D-289B47EF37E0}.Release|Any CPU.Build.0 = Release|Any CPU
		{B7FE230E-693B-40F0-9F7D-1A0F2B1B4427}.Debug|Any CPU.ActiveCfg = Debug|Any CPU
		{B7FE230E-693B-40F0-9F7D-1A0F2B1B4427}.Debug|Any CPU.Build.0 = Debug|Any CPU
		{B7FE230E-693B-40F0-9F7D-1A0F2B1B4427}.Release|Any CPU.ActiveCfg = Release|Any CPU
		{B7FE230E-693B-40F0-9F7D-1A0F2B1B4427}.Release|Any CPU.Build.0 = Release|Any CPU
	EndGlobalSection
	GlobalSection(SolutionProperties) = preSolution
		HideSolutionNode = FALSE
	EndGlobalSection
	GlobalSection(ExtensibilityGlobals) = postSolution
		SolutionGuid = {3589C266-A3FD-49DE-B0A8-27DFA73DD622}
	EndGlobalSection
EndGlobal
